
Microsoft Visual Studio Solution File, Format Version 12.00
# Visual Studio Version 17
VisualStudioVersion = 17.10.35122.118
MinimumVisualStudioVersion = 10.0.40219.1
Project("{FAE04EC0-301F-11D3-BF4B-00C04F79EFBC}") = "Math", "Math\Math.csproj", "{75C1BCAE-FC2D-4FB2-9CAF-77BE35C39876}"
EndProject
Global
	GlobalSection(SolutionConfigurationPlatforms) = preSolution
		Debug|Any CPU = Debug|Any CPU
		Release|Any CPU = Release|Any CPU
	EndGlobalSection
	GlobalSection(ProjectConfigurationPlatforms) = postSolution
		{75C1BCAE-FC2D-4FB2-9CAF-77BE35C39876}.Debug|Any CPU.ActiveCfg = Debug|Any CPU
		{75C1BCAE-FC2D-4FB2-9CAF-77BE35C39876}.Debug|Any CPU.Build.0 = Debug|Any CPU
		{75C1BCAE-FC2D-4FB2-9CAF-77BE35C39876}.Release|Any CPU.ActiveCfg = Release|Any CPU
		{75C1BCAE-FC2D-4FB2-9CAF-77BE35C39876}.Release|Any CPU.Build.0 = Release|Any CPU
	EndGlobalSection
	GlobalSection(SolutionProperties) = preSolution
		HideSolutionNode = FALSE
	EndGlobalSection
	GlobalSection(ExtensibilityGlobals) = postSolution
		SolutionGuid = {0AE2A509-7417-4285-935C-60FFC955B4EC}
	EndGlobalSection
EndGlobal
